
Microsoft Visual Studio Solution File, Format Version 12.00
# Visual Studio Version 17
VisualStudioVersion = 17.8.34330.188
MinimumVisualStudioVersion = 10.0.40219.1
Project("{FAE04EC0-301F-11D3-BF4B-00C04F79EFBC}") = "Stocks.Information", "Stocks.Information\Stocks.Information.csproj", "{2096E333-BA06-4990-A29B-22B38E87BF7E}"
EndProject
Global
	GlobalSection(SolutionConfigurationPlatforms) = preSolution
		Debug|Any CPU = Debug|Any CPU
		Release|Any CPU = Release|Any CPU
	EndGlobalSection
	GlobalSection(ProjectConfigurationPlatforms) = postSolution
		{2096E333-BA06-4990-A29B-22B38E87BF7E}.Debug|Any CPU.ActiveCfg = Debug|Any CPU
		{2096E333-BA06-4990-A29B-22B38E87BF7E}.Debug|Any CPU.Build.0 = Debug|Any CPU
		{2096E333-BA06-4990-A29B-22B38E87BF7E}.Release|Any CPU.ActiveCfg = Release|Any CPU
		{2096E333-BA06-4990-A29B-22B38E87BF7E}.Release|Any CPU.Build.0 = Release|Any CPU
	EndGlobalSection
	GlobalSection(SolutionProperties) = preSolution
		HideSolutionNode = FALSE
	EndGlobalSection
	GlobalSection(ExtensibilityGlobals) = postSolution
		SolutionGuid = {43CF2823-BB86-4768-9014-419A8D75A0C5}
	EndGlobalSection
EndGlobal
